{
  "name": "@costify/cost",
  "version": "0.0.0",
  "lockfileVersion": 3,
  "requires": true,
  "packages": {
    "": {
      "name": "@costify/cost",
      "version": "0.0.0",
      "hasInstallScript": true,
      "license": "Apache-2.0",
      "os": [
        "darwin",
        "linux"
      ],
      "bin": {
        "costify": "npm/index.js"
      },
      "engines": {
        "node": ">=18"
      }
    }
  }
}
